
Microsoft Visual Studio Solution File, Format Version 12.00
# Visual Studio Version 17
VisualStudioVersion = 17.7.34024.191
MinimumVisualStudioVersion = 10.0.40219.1
Project("{9A19103F-16F7-4668-BE54-9A1E7A4F7556}") = "Day1", "Day1\Day1.csproj", "{6EBB0732-09AF-4E1C-ADBD-60B497D34D2F}"
EndProject
Project("{9A19103F-16F7-4668-BE54-9A1E7A4F7556}") = "Day2", "Day2\Day2.csproj", "{744FDE03-611E-464B-8D12-818FA164696C}"
EndProject
Project("{9A19103F-16F7-4668-BE54-9A1E7A4F7556}") = "Day3", "Day3\Day3.csproj", "{7AB06384-D556-48E1-8117-27BFE4796E71}"
EndProject
Project("{9A19103F-16F7-4668-BE54-9A1E7A4F7556}") = "Day4", "Day4\Day4.csproj", "{127EA4E9-6E7E-4D46-AA4B-18F3575CDDA6}"
EndProject
Project("{9A19103F-16F7-4668-BE54-9A1E7A4F7556}") = "Day5", "Day5\Day5.csproj", "{300FDFC8-ACC2-4B19-8FB2-33CFA40A14F3}"
EndProject
Project("{FAE04EC0-301F-11D3-BF4B-00C04F79EFBC}") = "Day5_2.0", "Day5_2.0\Day5_2.0.csproj", "{AC92C0AD-66A4-4CC3-B897-795491DAEE7B}"
EndProject
Global
	GlobalSection(SolutionConfigurationPlatforms) = preSolution
		Debug|Any CPU = Debug|Any CPU
		Release|Any CPU = Release|Any CPU
	EndGlobalSection
	GlobalSection(ProjectConfigurationPlatforms) = postSolution
		{6EBB0732-09AF-4E1C-ADBD-60B497D34D2F}.Debug|Any CPU.ActiveCfg = Debug|Any CPU
		{6EBB0732-09AF-4E1C-ADBD-60B497D34D2F}.Debug|Any CPU.Build.0 = Debug|Any CPU
		{6EBB0732-09AF-4E1C-ADBD-60B497D34D2F}.Release|Any CPU.ActiveCfg = Release|Any CPU
		{6EBB0732-09AF-4E1C-ADBD-60B497D34D2F}.Release|Any CPU.Build.0 = Release|Any CPU
		{744FDE03-611E-464B-8D12-818FA164696C}.Debug|Any CPU.ActiveCfg = Debug|Any CPU
		{744FDE03-611E-464B-8D12-818FA164696C}.Debug|Any CPU.Build.0 = Debug|Any CPU
		{744FDE03-611E-464B-8D12-818FA164696C}.Release|Any CPU.ActiveCfg = Release|Any CPU
		{744FDE03-611E-464B-8D12-818FA164696C}.Release|Any CPU.Build.0 = Release|Any CPU
		{7AB06384-D556-48E1-8117-27BFE4796E71}.Debug|Any CPU.ActiveCfg = Debug|Any CPU
		{7AB06384-D556-48E1-8117-27BFE4796E71}.Debug|Any CPU.Build.0 = Debug|Any CPU
		{7AB06384-D556-48E1-8117-27BFE4796E71}.Release|Any CPU.ActiveCfg = Release|Any CPU
		{7AB06384-D556-48E1-8117-27BFE4796E71}.Release|Any CPU.Build.0 = Release|Any CPU
		{127EA4E9-6E7E-4D46-AA4B-18F3575CDDA6}.Debug|Any CPU.ActiveCfg = Debug|Any CPU
		{127EA4E9-6E7E-4D46-AA4B-18F3575CDDA6}.Debug|Any CPU.Build.0 = Debug|Any CPU
		{127EA4E9-6E7E-4D46-AA4B-18F3575CDDA6}.Release|Any CPU.ActiveCfg = Release|Any CPU
		{127EA4E9-6E7E-4D46-AA4B-18F3575CDDA6}.Release|Any CPU.Build.0 = Release|Any CPU
		{300FDFC8-ACC2-4B19-8FB2-33CFA40A14F3}.Debug|Any CPU.ActiveCfg = Debug|Any CPU
		{300FDFC8-ACC2-4B19-8FB2-33CFA40A14F3}.Debug|Any CPU.Build.0 = Debug|Any CPU
		{300FDFC8-ACC2-4B19-8FB2-33CFA40A14F3}.Release|Any CPU.ActiveCfg = Release|Any CPU
		{300FDFC8-ACC2-4B19-8FB2-33CFA40A14F3}.Release|Any CPU.Build.0 = Release|Any CPU
		{AC92C0AD-66A4-4CC3-B897-795491DAEE7B}.Debug|Any CPU.ActiveCfg = Debug|Any CPU
		{AC92C0AD-66A4-4CC3-B897-795491DAEE7B}.Debug|Any CPU.Build.0 = Debug|Any CPU
		{AC92C0AD-66A4-4CC3-B897-795491DAEE7B}.Release|Any CPU.ActiveCfg = Release|Any CPU
		{AC92C0AD-66A4-4CC3-B897-795491DAEE7B}.Release|Any CPU.Build.0 = Release|Any CPU
	EndGlobalSection
	GlobalSection(SolutionProperties) = preSolution
		HideSolutionNode = FALSE
	EndGlobalSection
	GlobalSection(ExtensibilityGlobals) = postSolution
		SolutionGuid = {9B61C373-7756-4435-A9E8-4A0AB829264D}
	EndGlobalSection
EndGlobal
